// !$*UTF8*$!
{
	archiveVersion = 1;
	classes = {
	};
	objectVersion = 46;
	objects = {

/* Begin PBXBuildFile section */
		55B33A3F1A3817DA00FAB58E /* main.m in Sources */ = {isa = PBXBuildFile; fileRef = 55B33A3E1A3817DA00FAB58E /* main.m */; };
		55B33A421A3817DA00FAB58E /* AppDelegate.m in Sources */ = {isa = PBXBuildFile; fileRef = 55B33A411A3817DA00FAB58E /* AppDelegate.m */; };
		55B33A451A3817DA00FAB58E /* FibonacciViewController.m in Sources */ = {isa = PBXBuildFile; fileRef = 55B33A441A3817DA00FAB58E /* FibonacciViewController.m */; };
		55B33A4B1A3817DA00FAB58E /* Main.storyboard in Resources */ = {isa = PBXBuildFile; fileRef = 55B33A491A3817DA00FAB58E /* Main.storyboard */; };
		55B33A4D1A3817DA00FAB58E /* Images.xcassets in Resources */ = {isa = PBXBuildFile; fileRef = 55B33A4C1A3817DA00FAB58E /* Images.xcassets */; };
		55B33A501A3817DA00FAB58E /* LaunchScreen.xib in Resources */ = {isa = PBXBuildFile; fileRef = 55B33A4E1A3817DA00FAB58E /* LaunchScreen.xib */; };
		55B33A5C1A3817DA00FAB58E /* FibonacciTests.m in Sources */ = {isa = PBXBuildFile; fileRef = 55B33A5B1A3817DA00FAB58E /* FibonacciTests.m */; };
/* End PBXBuildFile section */

/* Begin PBXContainerItemProxy section */
		55B33A561A3817DA00FAB58E /* PBXContainerItemProxy */ = {
			isa = PBXContainerItemProxy;
			containerPortal = 55B33A311A3817DA00FAB58E /* Project object */;
			proxyType = 1;
			remoteGlobalIDString = 55B33A381A3817DA00FAB58E;
			remoteInfo = Fibonacci;
		};
/* End PBXContainerItemProxy section */

/* Begin PBXFileReference section */
		55B33A391A3817DA00FAB58E /* Fibonacci.app */ = {isa = PBXFileReference; explicitFileType = wrapper.application; includeInIndex = 0; path = Fibonacci.app; sourceTree = BUILT_PRODUCTS_DIR; };
		55B33A3D1A3817DA00FAB58E /* Info.plist */ = {isa = PBXFileReference; lastKnownFileType = text.plist.xml; path = Info.plist; sourceTree = "<group>"; };
		55B33A3E1A3817DA00FAB58E /* main.m */ = {isa = PBXFileReference; lastKnownFileType = sourcecode.c.objc; path = main.m; sourceTree = "<group>"; };
		55B33A401A3817DA00FAB58E /* AppDelegate.h */ = {isa = PBXFileReference; lastKnownFileType = sourcecode.c.h; path = AppDelegate.h; sourceTree = "<group>"; };
		55B33A411A3817DA00FAB58E /* AppDelegate.m */ = {isa = PBXFileReference; lastKnownFileType = sourcecode.c.objc; path = AppDelegate.m; sourceTree = "<group>"; };
		55B33A431A3817DA00FAB58E /* FibonacciViewController.h */ = {isa = PBXFileReference; lastKnownFileType = sourcecode.c.h; path = FibonacciViewController.h; sourceTree = "<group>"; };
		55B33A441A3817DA00FAB58E /* FibonacciViewController.m */ = {isa = PBXFileReference; lastKnownFileType = sourcecode.c.objc; path = FibonacciViewController.m; sourceTree = "<group>"; };
		55B33A4A1A3817DA00FAB58E /* Base */ = {isa = PBXFileReference; lastKnownFileType = file.storyboard; name = Base; path = Base.lproj/Main.storyboard; sourceTree = "<group>"; };
		55B33A4C1A3817DA00FAB58E /* Images.xcassets */ = {isa = PBXFileReference; lastKnownFileType = folder.assetcatalog; path = Images.xcassets; sourceTree = "<group>"; };
		55B33A4F1A3817DA00FAB58E /* Base */ = {isa = PBXFileReference; lastKnownFileType = file.xib; name = Base; path = Base.lproj/LaunchScreen.xib; sourceTree = "<group>"; };
		55B33A551A3817DA00FAB58E /* FibonacciTests.xctest */ = {isa = PBXFileReference; explicitFileType = wrapper.cfbundle; includeInIndex = 0; path = FibonacciTests.xctest; sourceTree = BUILT_PRODUCTS_DIR; };
		55B33A5A1A3817DA00FAB58E /* Info.plist */ = {isa = PBXFileReference; lastKnownFileType = text.plist.xml; path = Info.plist; sourceTree = "<group>"; };
		55B33A5B1A3817DA00FAB58E /* FibonacciTests.m */ = {isa = PBXFileReference; lastKnownFileType = sourcecode.c.objc; path = FibonacciTests.m; sourceTree = "<group>"; };
/* End PBXFileReference section */

/* Begin PBXFrameworksBuildPhase section */
		55B33A361A3817DA00FAB58E /* Frameworks */ = {
			isa = PBXFrameworksBuildPhase;
			buildActionMask = 2147483647;
			files = (
			);
			runOnlyForDeploymentPostprocessing = 0;
		};
		55B33A521A3817DA00FAB58E /* Frameworks */ = {
			isa = PBXFrameworksBuildPhase;
			buildActionMask = 2147483647;
			files = (
			);
			runOnlyForDeploymentPostprocessing = 0;
		};
/* End PBXFrameworksBuildPhase section */

/* Begin PBXGroup section */
		55B33A301A3817DA00FAB58E = {
			isa = PBXGroup;
			children = (
				55B33A3B1A3817DA00FAB58E /* Fibonacci */,
				55B33A581A3817DA00FAB58E /* FibonacciTests */,
				55B33A3A1A3817DA00FAB58E /* Products */,
			);
			sourceTree = "<group>";
		};
		55B33A3A1A3817DA00FAB58E /* Products */ = {
			isa = PBXGroup;
			children = (
				55B33A391A3817DA00FAB58E /* Fibonacci.app */,
				55B33A551A3817DA00FAB58E /* FibonacciTests.xctest */,
			);
			name = Products;
			sourceTree = "<group>";
		};
		55B33A3B1A3817DA00FAB58E /* Fibonacci */ = {
			isa = PBXGroup;
			children = (
				55B33A401A3817DA00FAB58E /* AppDelegate.h */,
				55B33A411A3817DA00FAB58E /* AppDelegate.m */,
				55B33A431A3817DA00FAB58E /* FibonacciViewController.h */,
				55B33A441A3817DA00FAB58E /* FibonacciViewController.m */,
				55B33A491A3817DA00FAB58E /* Main.storyboard */,
				55B33A4C1A3817DA00FAB58E /* Images.xcassets */,
				55B33A4E1A3817DA00FAB58E /* LaunchScreen.xib */,
				55B33A3C1A3817DA00FAB58E /* Supporting Files */,
			);
			path = Fibonacci;
			sourceTree = "<group>";
		};
		55B33A3C1A3817DA00FAB58E /* Supporting Files */ = {
			isa = PBXGroup;
			children = (
				55B33A3D1A3817DA00FAB58E /* Info.plist */,
				55B33A3E1A3817DA00FAB58E /* main.m */,
			);
			name = "Supporting Files";
			sourceTree = "<group>";
		};
		55B33A581A3817DA00FAB58E /* FibonacciTests */ = {
			isa = PBXGroup;
			children = (
				55B33A5B1A3817DA00FAB58E /* FibonacciTests.m */,
				55B33A591A3817DA00FAB58E /* Supporting Files */,
			);
			path = FibonacciTests;
			sourceTree = "<group>";
		};
		55B33A591A3817DA00FAB58E /* Supporting Files */ = {
			isa = PBXGroup;
			children = (
				55B33A5A1A3817DA00FAB58E /* Info.plist */,
			);
			name = "Supporting Files";
			sourceTree = "<group>";
		};
/* End PBXGroup section */

/* Begin PBXNativeTarget section */
		55B33A381A3817DA00FAB58E /* Fibonacci */ = {
			isa = PBXNativeTarget;
			buildConfigurationList = 55B33A5F1A3817DA00FAB58E /* Build configuration list for PBXNativeTarget "Fibonacci" */;
			buildPhases = (
				55B33A351A3817DA00FAB58E /* Sources */,
				55B33A361A3817DA00FAB58E /* Frameworks */,
				55B33A371A3817DA00FAB58E /* Resources */,
			);
			buildRules = (
			);
			dependencies = (
			);
			name = Fibonacci;
			productName = Fibonacci;
			productReference = 55B33A391A3817DA00FAB58E /* Fibonacci.app */;
			productType = "com.apple.product-type.application";
		};
		55B33A541A3817DA00FAB58E /* FibonacciTests */ = {
			isa = PBXNativeTarget;
			buildConfigurationList = 55B33A621A3817DA00FAB58E /* Build configuration list for PBXNativeTarget "FibonacciTests" */;
			buildPhases = (
				55B33A511A3817DA00FAB58E /* Sources */,
				55B33A521A3817DA00FAB58E /* Frameworks */,
				55B33A531A3817DA00FAB58E /* Resources */,
			);
			buildRules = (
			);
			dependencies = (
				55B33A571A3817DA00FAB58E /* PBXTargetDependency */,
			);
			name = FibonacciTests;
			productName = FibonacciTests;
			productReference = 55B33A551A3817DA00FAB58E /* FibonacciTests.xctest */;
			productType = "com.apple.product-type.bundle.unit-test";
		};
/* End PBXNativeTarget section */

/* Begin PBXProject section */
		55B33A311A3817DA00FAB58E /* Project object */ = {
			isa = PBXProject;
			attributes = {
				LastUpgradeCheck = 0610;
				ORGANIZATIONNAME = Andrey;
				TargetAttributes = {
					55B33A381A3817DA00FAB58E = {
						CreatedOnToolsVersion = 6.1;
					};
					55B33A541A3817DA00FAB58E = {
						CreatedOnToolsVersion = 6.1;
						TestTargetID = 55B33A381A3817DA00FAB58E;
					};
				};
			};
			buildConfigurationList = 55B33A341A3817DA00FAB58E /* Build configuration list for PBXProject "Fibonacci" */;
			compatibilityVersion = "Xcode 3.2";
			developmentRegion = English;
			hasScannedForEncodings = 0;
			knownRegions = (
				en,
				Base,
			);
			mainGroup = 55B33A301A3817DA00FAB58E;
			productRefGroup = 55B33A3A1A3817DA00FAB58E /* Products */;
			projectDirPath = "";
			projectRoot = "";
			targets = (
				55B33A381A3817DA00FAB58E /* Fibonacci */,
				55B33A541A3817DA00FAB58E /* FibonacciTests */,
			);
		};
/* End PBXProject section */

/* Begin PBXResourcesBuildPhase section */
		55B33A371A3817DA00FAB58E /* Resources */ = {
			isa = PBXResourcesBuildPhase;
			buildActionMask = 2147483647;
			files = (
				55B33A4B1A3817DA00FAB58E /* Main.storyboard in Resources */,
				55B33A501A3817DA00FAB58E /* LaunchScreen.xib in Resources */,
				55B33A4D1A3817DA00FAB58E /* Images.xcassets in Resources */,
			);
			runOnlyForDeploymentPostprocessing = 0;
		};
		55B33A531A3817DA00FAB58E /* Resources */ = {
			isa = PBXResourcesBuildPhase;
			buildActionMask = 2147483647;
			files = (
			);
			runOnlyForDeploymentPostprocessing = 0;
		};
/* End PBXResourcesBuildPhase section */

/* Begin PBXSourcesBuildPhase section */
		55B33A351A3817DA00FAB58E /* Sources */ = {
			isa = PBXSourcesBuildPhase;
			buildActionMask = 2147483647;
			files = (
				55B33A421A3817DA00FAB58E /* AppDelegate.m in Sources */,
				55B33A451A3817DA00FAB58E /* FibonacciViewController.m in Sources */,
				55B33A3F1A3817DA00FAB58E /* main.m in Sources */,
			);
			runOnlyForDeploymentPostprocessing = 0;
		};
		55B33A511A3817DA00FAB58E /* Sources */ = {
			isa = PBXSourcesBuildPhase;
			buildActionMask = 2147483647;
			files = (
				55B33A5C1A3817DA00FAB58E /* FibonacciTests.m in Sources */,
			);
			runOnlyForDeploymentPostprocessing = 0;
		};
/* End PBXSourcesBuildPhase section */

/* Begin PBXTargetDependency section */
		55B33A571A3817DA00FAB58E /* PBXTargetDependency */ = {
			isa = PBXTargetDependency;
			target = 55B33A381A3817DA00FAB58E /* Fibonacci */;
			targetProxy = 55B33A561A3817DA00FAB58E /* PBXContainerItemProxy */;
		};
/* End PBXTargetDependency section */

/* Begin PBXVariantGroup section */
		55B33A491A3817DA00FAB58E /* Main.storyboard */ = {
			isa = PBXVariantGroup;
			children = (
				55B33A4A1A3817DA00FAB58E /* Base */,
			);
			name = Main.storyboard;
			sourceTree = "<group>";
		};
		55B33A4E1A3817DA00FAB58E /* LaunchScreen.xib */ = {
			isa = PBXVariantGroup;
			children = (
				55B33A4F1A3817DA00FAB58E /* Base */,
			);
			name = LaunchScreen.xib;
			sourceTree = "<group>";
		};
/* End PBXVariantGroup section */

/* Begin XCBuildConfiguration section */
		55B33A5D1A3817DA00FAB58E /* Debug */ = {
			isa = XCBuildConfiguration;
			buildSettings = {
				ALWAYS_SEARCH_USER_PATHS = NO;
				CLANG_CXX_LANGUAGE_STANDARD = "gnu++0x";
				CLANG_CXX_LIBRARY = "libc++";
				CLANG_ENABLE_MODULES = YES;
				CLANG_ENABLE_OBJC_ARC = YES;
				CLANG_WARN_BOOL_CONVERSION = YES;
				CLANG_WARN_CONSTANT_CONVERSION = YES;
				CLANG_WARN_DIRECT_OBJC_ISA_USAGE = YES_ERROR;
				CLANG_WARN_EMPTY_BODY = YES;
				CLANG_WARN_ENUM_CONVERSION = YES;
				CLANG_WARN_INT_CONVERSION = YES;
				CLANG_WARN_OBJC_ROOT_CLASS = YES_ERROR;
				CLANG_WARN_UNREACHABLE_CODE = YES;
				CLANG_WARN__DUPLICATE_METHOD_MATCH = YES;
				"CODE_SIGN_IDENTITY[sdk=iphoneos*]" = "iPhone Developer";
				COPY_PHASE_STRIP = NO;
				ENABLE_STRICT_OBJC_MSGSEND = YES;
				GCC_C_LANGUAGE_STANDARD = gnu99;
				GCC_DYNAMIC_NO_PIC = NO;
				GCC_OPTIMIZATION_LEVEL = 0;
				GCC_PREPROCESSOR_DEFINITIONS = (
					"DEBUG=1",
					"$(inherited)",
				);
				GCC_SYMBOLS_PRIVATE_EXTERN = NO;
				GCC_WARN_64_TO_32_BIT_CONVERSION = YES;
				GCC_WARN_ABOUT_RETURN_TYPE = YES_ERROR;
				GCC_WARN_UNDECLARED_SELECTOR = YES;
				GCC_WARN_UNINITIALIZED_AUTOS = YES_AGGRESSIVE;
				GCC_WARN_UNUSED_FUNCTION = YES;
				GCC_WARN_UNUSED_VARIABLE = YES;
				IPHONEOS_DEPLOYMENT_TARGET = 8.1;
				MTL_ENABLE_DEBUG_INFO = YES;
				ONLY_ACTIVE_ARCH = YES;
				SDKROOT = iphoneos;
				TARGETED_DEVICE_FAMILY = "1,2";
			};
			name = Debug;
		};
		55B33A5E1A3817DA00FAB58E /* Release */ = {
			isa = XCBuildConfiguration;
			buildSettings = {
				ALWAYS_SEARCH_USER_PATHS = NO;
				CLANG_CXX_LANGUAGE_STANDARD = "gnu++0x";
				CLANG_CXX_LIBRARY = "libc++";
				CLANG_ENABLE_MODULES = YES;
				CLANG_ENABLE_OBJC_ARC = YES;
				CLANG_WARN_BOOL_CONVERSION = YES;
				CLANG_WARN_CONSTANT_CONVERSION = YES;
				CLANG_WARN_DIRECT_OBJC_ISA_USAGE = YES_ERROR;
				CLANG_WARN_EMPTY_BODY = YES;
				CLANG_WARN_ENUM_CONVERSION = YES;
				CLANG_WARN_INT_CONVERSION = YES;
				CLANG_WARN_OBJC_ROOT_CLASS = YES_ERROR;
				CLANG_WARN_UNREACHABLE_CODE = YES;
				CLANG_WARN__DUPLICATE_METHOD_MATCH = YES;
				"CODE_SIGN_IDENTITY[sdk=iphoneos*]" = "iPhone Developer";
				COPY_PHASE_STRIP = YES;
				ENABLE_NS_ASSERTIONS = NO;
				ENABLE_STRICT_OBJC_MSGSEND = YES;
				GCC_C_LANGUAGE_STANDARD = gnu99;
				GCC_WARN_64_TO_32_BIT_CONVERSION = YES;
				GCC_WARN_ABOUT_RETURN_TYPE = YES_ERROR;
				GCC_WARN_UNDECLARED_SELECTOR = YES;
				GCC_WARN_UNINITIALIZED_AUTOS = YES_AGGRESSIVE;
				GCC_WARN_UNUSED_FUNCTION = YES;
				GCC_WARN_UNUSED_VARIABLE = YES;
				IPHONEOS_DEPLOYMENT_TARGET = 8.1;
				MTL_ENABLE_DEBUG_INFO = NO;
				SDKROOT = iphoneos;
				TARGETED_DEVICE_FAMILY = "1,2";
				VALIDATE_PRODUCT = YES;
			};
			name = Release;
		};
		55B33A601A3817DA00FAB58E /* Debug */ = {
			isa = XCBuildConfiguration;
			buildSettings = {
				ASSETCATALOG_COMPILER_APPICON_NAME = AppIcon;
				INFOPLIST_FILE = Fibonacci/Info.plist;
				LD_RUNPATH_SEARCH_PATHS = "$(inherited) @executable_path/Frameworks";
				PRODUCT_NAME = "$(TARGET_NAME)";
			};
			name = Debug;
		};
		55B33A611A3817DA00FAB58E /* Release */ = {
			isa = XCBuildConfiguration;
			buildSettings = {
				ASSETCATALOG_COMPILER_APPICON_NAME = AppIcon;
				INFOPLIST_FILE = Fibonacci/Info.plist;
				LD_RUNPATH_SEARCH_PATHS = "$(inherited) @executable_path/Frameworks";
				PRODUCT_NAME = "$(TARGET_NAME)";
			};
			name = Release;
		};
		55B33A631A3817DA00FAB58E /* Debug */ = {
			isa = XCBuildConfiguration;
			buildSettings = {
				BUNDLE_LOADER = "$(TEST_HOST)";
				FRAMEWORK_SEARCH_PATHS = (
					"$(SDKROOT)/Developer/Library/Frameworks",
					"$(inherited)",
				);
				GCC_PREPROCESSOR_DEFINITIONS = (
					"DEBUG=1",
					"$(inherited)",
				);
				INFOPLIST_FILE = FibonacciTests/Info.plist;
				LD_RUNPATH_SEARCH_PATHS = "$(inherited) @executable_path/Frameworks @loader_path/Frameworks";
				PRODUCT_NAME = "$(TARGET_NAME)";
				TEST_HOST = "$(BUILT_PRODUCTS_DIR)/Fibonacci.app/Fibonacci";
			};
			name = Debug;
		};
		55B33A641A3817DA00FAB58E /* Release */ = {
			isa = XCBuildConfiguration;
			buildSettings = {
				BUNDLE_LOADER = "$(TEST_HOST)";
				FRAMEWORK_SEARCH_PATHS = (
					"$(SDKROOT)/Developer/Library/Frameworks",
					"$(inherited)",
				);
				INFOPLIST_FILE = FibonacciTests/Info.plist;
				LD_RUNPATH_SEARCH_PATHS = "$(inherited) @executable_path/Frameworks @loader_path/Frameworks";
				PRODUCT_NAME = "$(TARGET_NAME)";
				TEST_HOST = "$(BUILT_PRODUCTS_DIR)/Fibonacci.app/Fibonacci";
			};
			name = Release;
		};
/* End XCBuildConfiguration section */

/* Begin XCConfigurationList section */
		55B33A341A3817DA00FAB58E /* Build configuration list for PBXProject "Fibonacci" */ = {
			isa = XCConfigurationList;
			buildConfigurations = (
				55B33A5D1A3817DA00FAB58E /* Debug */,
				55B33A5E1A3817DA00FAB58E /* Release */,
			);
			defaultConfigurationIsVisible = 0;
			defaultConfigurationName = Release;
		};
		55B33A5F1A3817DA00FAB58E /* Build configuration list for PBXNativeTarget "Fibonacci" */ = {
			isa = XCConfigurationList;
			buildConfigurations = (
				55B33A601A3817DA00FAB58E /* Debug */,
				55B33A611A3817DA00FAB58E /* Release */,
			);
			defaultConfigurationIsVisible = 0;
		};
		55B33A621A3817DA00FAB58E /* Build configuration list for PBXNativeTarget "FibonacciTests" */ = {
			isa = XCConfigurationList;
			buildConfigurations = (
				55B33A631A3817DA00FAB58E /* Debug */,
				55B33A641A3817DA00FAB58E /* Release */,
			);
			defaultConfigurationIsVisible = 0;
		};
/* End XCConfigurationList section */
	};
	rootObject = 55B33A311A3817DA00FAB58E /* Project object */;
}
